
Microsoft Visual Studio Solution File, Format Version 12.00
# Visual Studio Version 17
VisualStudioVersion = 17.0.31903.59
MinimumVisualStudioVersion = 10.0.40219.1
Project("{2150E333-8FDC-42A3-9474-1A3956D46DE8}") = "src", "src", "{827E0CD3-B72D-47B6-A68D-7590B98EB39B}"
EndProject
Project("{FAE04EC0-301F-11D3-BF4B-00C04F79EFBC}") = "YoutubeAiFactory.Domain", "src\YoutubeAiFactory.Domain\YoutubeAiFactory.Domain.csproj", "{67857C73-8D40-4353-BEA9-68C805954DE7}"
EndProject
Project("{FAE04EC0-301F-11D3-BF4B-00C04F79EFBC}") = "YoutubeAiFactory.Application", "src\YoutubeAiFactory.Application\YoutubeAiFactory.Application.csproj", "{3C339DFD-FFA3-4109-94A2-0D4C28F623C2}"
EndProject
Project("{FAE04EC0-301F-11D3-BF4B-00C04F79EFBC}") = "YoutubeAiFactory.Infrastructure", "src\YoutubeAiFactory.Infrastructure\YoutubeAiFactory.Infrastructure.csproj", "{6CCD77F3-090A-48CC-9D52-633E854AB3DE}"
EndProject
Project("{FAE04EC0-301F-11D3-BF4B-00C04F79EFBC}") = "YoutubeAiFactory.Api", "src\YoutubeAiFactory.Api\YoutubeAiFactory.Api.csproj", "{904FB52E-2EDF-4F79-A368-BA6700A16D65}"
EndProject
Project("{FAE04EC0-301F-11D3-BF4B-00C04F79EFBC}") = "YoutubeAiFactory.Worker", "src\YoutubeAiFactory.Worker\YoutubeAiFactory.Worker.csproj", "{780145F4-BDB3-4E2A-B3B3-028352D5AB8F}"
EndProject
Project("{2150E333-8FDC-42A3-9474-1A3956D46DE8}") = "tests", "tests", "{0AB3BF05-4346-4AA6-1389-037BE0695223}"
EndProject
Project("{FAE04EC0-301F-11D3-BF4B-00C04F79EFBC}") = "YoutubeAiFactory.Domain.Tests", "tests\YoutubeAiFactory.Domain.Tests\YoutubeAiFactory.Domain.Tests.csproj", "{CEDD0A7F-52BD-417B-8565-C998073BB84A}"
EndProject
Project("{FAE04EC0-301F-11D3-BF4B-00C04F79EFBC}") = "YoutubeAiFactory.Application.Tests", "tests\YoutubeAiFactory.Application.Tests\YoutubeAiFactory.Application.Tests.csproj", "{6426901D-50DD-4901-8216-36FEF8CE966D}"
EndProject
Project("{FAE04EC0-301F-11D3-BF4B-00C04F79EFBC}") = "YoutubeAiFactory.IntegrationTests", "tests\YoutubeAiFactory.IntegrationTests\YoutubeAiFactory.IntegrationTests.csproj", "{2B69F638-62F7-4CE1-BC12-259D18075522}"
EndProject
Global
	GlobalSection(SolutionConfigurationPlatforms) = preSolution
		Debug|Any CPU = Debug|Any CPU
		Debug|x64 = Debug|x64
		Debug|x86 = Debug|x86
		Release|Any CPU = Release|Any CPU
		Release|x64 = Release|x64
		Release|x86 = Release|x86
	EndGlobalSection
	GlobalSection(ProjectConfigurationPlatforms) = postSolution
		{67857C73-8D40-4353-BEA9-68C805954DE7}.Debug|Any CPU.ActiveCfg = Debug|Any CPU
		{67857C73-8D40-4353-BEA9-68C805954DE7}.Debug|Any CPU.Build.0 = Debug|Any CPU
		{67857C73-8D40-4353-BEA9-68C805954DE7}.Debug|x64.ActiveCfg = Debug|Any CPU
		{67857C73-8D40-4353-BEA9-68C805954DE7}.Debug|x64.Build.0 = Debug|Any CPU
		{67857C73-8D40-4353-BEA9-68C805954DE7}.Debug|x86.ActiveCfg = Debug|Any CPU
		{67857C73-8D40-4353-BEA9-68C805954DE7}.Debug|x86.Build.0 = Debug|Any CPU
		{67857C73-8D40-4353-BEA9-68C805954DE7}.Release|Any CPU.ActiveCfg = Release|Any CPU
		{67857C73-8D40-4353-BEA9-68C805954DE7}.Release|Any CPU.Build.0 = Release|Any CPU
		{67857C73-8D40-4353-BEA9-68C805954DE7}.Release|x64.ActiveCfg = Release|Any CPU
		{67857C73-8D40-4353-BEA9-68C805954DE7}.Release|x64.Build.0 = Release|Any CPU
		{67857C73-8D40-4353-BEA9-68C805954DE7}.Release|x86.ActiveCfg = Release|Any CPU
		{67857C73-8D40-4353-BEA9-68C805954DE7}.Release|x86.Build.0 = Release|Any CPU
		{3C339DFD-FFA3-4109-94A2-0D4C28F623C2}.Debug|Any CPU.ActiveCfg = Debug|Any CPU
		{3C339DFD-FFA3-4109-94A2-0D4C28F623C2}.Debug|Any CPU.Build.0 = Debug|Any CPU
		{3C339DFD-FFA3-4109-94A2-0D4C28F623C2}.Debug|x64.ActiveCfg = Debug|Any CPU
		{3C339DFD-FFA3-4109-94A2-0D4C28F623C2}.Debug|x64.Build.0 = Debug|Any CPU
		{3C339DFD-FFA3-4109-94A2-0D4C28F623C2}.Debug|x86.ActiveCfg = Debug|Any CPU
		{3C339DFD-FFA3-4109-94A2-0D4C28F623C2}.Debug|x86.Build.0 = Debug|Any CPU
		{3C339DFD-FFA3-4109-94A2-0D4C28F623C2}.Release|Any CPU.ActiveCfg = Release|Any CPU
		{3C339DFD-FFA3-4109-94A2-0D4C28F623C2}.Release|Any CPU.Build.0 = Release|Any CPU
		{3C339DFD-FFA3-4109-94A2-0D4C28F623C2}.Release|x64.ActiveCfg = Release|Any CPU
		{3C339DFD-FFA3-4109-94A2-0D4C28F623C2}.Release|x64.Build.0 = Release|Any CPU
		{3C339DFD-FFA3-4109-94A2-0D4C28F623C2}.Release|x86.ActiveCfg = Release|Any CPU
		{3C339DFD-FFA3-4109-94A2-0D4C28F623C2}.Release|x86.Build.0 = Release|Any CPU
		{6CCD77F3-090A-48CC-9D52-633E854AB3DE}.Debug|Any CPU.ActiveCfg = Debug|Any CPU
		{6CCD77F3-090A-48CC-9D52-633E854AB3DE}.Debug|Any CPU.Build.0 = Debug|Any CPU
		{6CCD77F3-090A-48CC-9D52-633E854AB3DE}.Debug|x64.ActiveCfg = Debug|Any CPU
		{6CCD77F3-090A-48CC-9D52-633E854AB3DE}.Debug|x64.Build.0 = Debug|Any CPU
		{6CCD77F3-090A-48CC-9D52-633E854AB3DE}.Debug|x86.ActiveCfg = Debug|Any CPU
		{6CCD77F3-090A-48CC-9D52-633E854AB3DE}.Debug|x86.Build.0 = Debug|Any CPU
		{6CCD77F3-090A-48CC-9D52-633E854AB3DE}.Release|Any CPU.ActiveCfg = Release|Any CPU
		{6CCD77F3-090A-48CC-9D52-633E854AB3DE}.Release|Any CPU.Build.0 = Release|Any CPU
		{6CCD77F3-090A-48CC-9D52-633E854AB3DE}.Release|x64.ActiveCfg = Release|Any CPU
		{6CCD77F3-090A-48CC-9D52-633E854AB3DE}.Release|x64.Build.0 = Release|Any CPU
		{6CCD77F3-090A-48CC-9D52-633E854AB3DE}.Release|x86.ActiveCfg = Release|Any CPU
		{6CCD77F3-090A-48CC-9D52-633E854AB3DE}.Release|x86.Build.0 = Release|Any CPU
		{904FB52E-2EDF-4F79-A368-BA6700A16D65}.Debug|Any CPU.ActiveCfg = Debug|Any CPU
		{904FB52E-2EDF-4F79-A368-BA6700A16D65}.Debug|Any CPU.Build.0 = Debug|Any CPU
		{904FB52E-2EDF-4F79-A368-BA6700A16D65}.Debug|x64.ActiveCfg = Debug|Any CPU
		{904FB52E-2EDF-4F79-A368-BA6700A16D65}.Debug|x64.Build.0 = Debug|Any CPU
		{904FB52E-2EDF-4F79-A368-BA6700A16D65}.Debug|x86.ActiveCfg = Debug|Any CPU
		{904FB52E-2EDF-4F79-A368-BA6700A16D65}.Debug|x86.Build.0 = Debug|Any CPU
		{904FB52E-2EDF-4F79-A368-BA6700A16D65}.Release|Any CPU.ActiveCfg = Release|Any CPU
		{904FB52E-2EDF-4F79-A368-BA6700A16D65}.Release|Any CPU.Build.0 = Release|Any CPU
		{904FB52E-2EDF-4F79-A368-BA6700A16D65}.Release|x64.ActiveCfg = Release|Any CPU
		{904FB52E-2EDF-4F79-A368-BA6700A16D65}.Release|x64.Build.0 = Release|Any CPU
		{904FB52E-2EDF-4F79-A368-BA6700A16D65}.Release|x86.ActiveCfg = Release|Any CPU
		{904FB52E-2EDF-4F79-A368-BA6700A16D65}.Release|x86.Build.0 = Release|Any CPU
		{780145F4-BDB3-4E2A-B3B3-028352D5AB8F}.Debug|Any CPU.ActiveCfg = Debug|Any CPU
		{780145F4-BDB3-4E2A-B3B3-028352D5AB8F}.Debug|Any CPU.Build.0 = Debug|Any CPU
		{780145F4-BDB3-4E2A-B3B3-028352D5AB8F}.Debug|x64.ActiveCfg = Debug|Any CPU
		{780145F4-BDB3-4E2A-B3B3-028352D5AB8F}.Debug|x64.Build.0 = Debug|Any CPU
		{780145F4-BDB3-4E2A-B3B3-028352D5AB8F}.Debug|x86.ActiveCfg = Debug|Any CPU
		{780145F4-BDB3-4E2A-B3B3-028352D5AB8F}.Debug|x86.Build.0 = Debug|Any CPU
		{780145F4-BDB3-4E2A-B3B3-028352D5AB8F}.Release|Any CPU.ActiveCfg = Release|Any CPU
		{780145F4-BDB3-4E2A-B3B3-028352D5AB8F}.Release|Any CPU.Build.0 = Release|Any CPU
		{780145F4-BDB3-4E2A-B3B3-028352D5AB8F}.Release|x64.ActiveCfg = Release|Any CPU
		{780145F4-BDB3-4E2A-B3B3-028352D5AB8F}.Release|x64.Build.0 = Release|Any CPU
		{780145F4-BDB3-4E2A-B3B3-028352D5AB8F}.Release|x86.ActiveCfg = Release|Any CPU
		{780145F4-BDB3-4E2A-B3B3-028352D5AB8F}.Release|x86.Build.0 = Release|Any CPU
		{CEDD0A7F-52BD-417B-8565-C998073BB84A}.Debug|Any CPU.ActiveCfg = Debug|Any CPU
		{CEDD0A7F-52BD-417B-8565-C998073BB84A}.Debug|Any CPU.Build.0 = Debug|Any CPU
		{CEDD0A7F-52BD-417B-8565-C998073BB84A}.Debug|x64.ActiveCfg = Debug|Any CPU
		{CEDD0A7F-52BD-417B-8565-C998073BB84A}.Debug|x64.Build.0 = Debug|Any CPU
		{CEDD0A7F-52BD-417B-8565-C998073BB84A}.Debug|x86.ActiveCfg = Debug|Any CPU
		{CEDD0A7F-52BD-417B-8565-C998073BB84A}.Debug|x86.Build.0 = Debug|Any CPU
		{CEDD0A7F-52BD-417B-8565-C998073BB84A}.Release|Any CPU.ActiveCfg = Release|Any CPU
		{CEDD0A7F-52BD-417B-8565-C998073BB84A}.Release|Any CPU.Build.0 = Release|Any CPU
		{CEDD0A7F-52BD-417B-8565-C998073BB84A}.Release|x64.ActiveCfg = Release|Any CPU
		{CEDD0A7F-52BD-417B-8565-C998073BB84A}.Release|x64.Build.0 = Release|Any CPU
		{CEDD0A7F-52BD-417B-8565-C998073BB84A}.Release|x86.ActiveCfg = Release|Any CPU
		{CEDD0A7F-52BD-417B-8565-C998073BB84A}.Release|x86.Build.0 = Release|Any CPU
		{6426901D-50DD-4901-8216-36FEF8CE966D}.Debug|Any CPU.ActiveCfg = Debug|Any CPU
		{6426901D-50DD-4901-8216-36FEF8CE966D}.Debug|Any CPU.Build.0 = Debug|Any CPU
		{6426901D-50DD-4901-8216-36FEF8CE966D}.Debug|x64.ActiveCfg = Debug|Any CPU
		{6426901D-50DD-4901-8216-36FEF8CE966D}.Debug|x64.Build.0 = Debug|Any CPU
		{6426901D-50DD-4901-8216-36FEF8CE966D}.Debug|x86.ActiveCfg = Debug|Any CPU
		{6426901D-50DD-4901-8216-36FEF8CE966D}.Debug|x86.Build.0 = Debug|Any CPU
		{6426901D-50DD-4901-8216-36FEF8CE966D}.Release|Any CPU.ActiveCfg = Release|Any CPU
		{6426901D-50DD-4901-8216-36FEF8CE966D}.Release|Any CPU.Build.0 = Release|Any CPU
		{6426901D-50DD-4901-8216-36FEF8CE966D}.Release|x64.ActiveCfg = Release|Any CPU
		{6426901D-50DD-4901-8216-36FEF8CE966D}.Release|x64.Build.0 = Release|Any CPU
		{6426901D-50DD-4901-8216-36FEF8CE966D}.Release|x86.ActiveCfg = Release|Any CPU
		{6426901D-50DD-4901-8216-36FEF8CE966D}.Release|x86.Build.0 = Release|Any CPU
		{2B69F638-62F7-4CE1-BC12-259D18075522}.Debug|Any CPU.ActiveCfg = Debug|Any CPU
		{2B69F638-62F7-4CE1-BC12-259D18075522}.Debug|Any CPU.Build.0 = Debug|Any CPU
		{2B69F638-62F7-4CE1-BC12-259D18075522}.Debug|x64.ActiveCfg = Debug|Any CPU
		{2B69F638-62F7-4CE1-BC12-259D18075522}.Debug|x64.Build.0 = Debug|Any CPU
		{2B69F638-62F7-4CE1-BC12-259D18075522}.Debug|x86.ActiveCfg = Debug|Any CPU
		{2B69F638-62F7-4CE1-BC12-259D18075522}.Debug|x86.Build.0 = Debug|Any CPU
		{2B69F638-62F7-4CE1-BC12-259D18075522}.Release|Any CPU.ActiveCfg = Release|Any CPU
		{2B69F638-62F7-4CE1-BC12-259D18075522}.Release|Any CPU.Build.0 = Release|Any CPU
		{2B69F638-62F7-4CE1-BC12-259D18075522}.Release|x64.ActiveCfg = Release|Any CPU
		{2B69F638-62F7-4CE1-BC12-259D18075522}.Release|x64.Build.0 = Release|Any CPU
		{2B69F638-62F7-4CE1-BC12-259D18075522}.Release|x86.ActiveCfg = Release|Any CPU
		{2B69F638-62F7-4CE1-BC12-259D18075522}.Release|x86.Build.0 = Release|Any CPU
	EndGlobalSection
	GlobalSection(SolutionProperties) = preSolution
		HideSolutionNode = FALSE
	EndGlobalSection
	GlobalSection(NestedProjects) = preSolution
		{67857C73-8D40-4353-BEA9-68C805954DE7} = {827E0CD3-B72D-47B6-A68D-7590B98EB39B}
		{3C339DFD-FFA3-4109-94A2-0D4C28F623C2} = {827E0CD3-B72D-47B6-A68D-7590B98EB39B}
		{6CCD77F3-090A-48CC-9D52-633E854AB3DE} = {827E0CD3-B72D-47B6-A68D-7590B98EB39B}
		{904FB52E-2EDF-4F79-A368-BA6700A16D65} = {827E0CD3-B72D-47B6-A68D-7590B98EB39B}
		{780145F4-BDB3-4E2A-B3B3-028352D5AB8F} = {827E0CD3-B72D-47B6-A68D-7590B98EB39B}
		{CEDD0A7F-52BD-417B-8565-C998073BB84A} = {0AB3BF05-4346-4AA6-1389-037BE0695223}
		{6426901D-50DD-4901-8216-36FEF8CE966D} = {0AB3BF05-4346-4AA6-1389-037BE0695223}
		{2B69F638-62F7-4CE1-BC12-259D18075522} = {0AB3BF05-4346-4AA6-1389-037BE0695223}
	EndGlobalSection
EndGlobal
